
Microsoft Visual Studio Solution File, Format Version 12.00
# Visual Studio Version 16
VisualStudioVersion = 16.0.31105.61
MinimumVisualStudioVersion = 10.0.40219.1
Project("{8BC9CEB8-8B4A-11D0-8D11-00A0C91BC942}") = "LinkedLists", "LinkedLists.vcxproj", "{DA4AC9E6-CBEE-4605-B379-47C022FDB5B3}"
EndProject
Global
	GlobalSection(SolutionConfigurationPlatforms) = preSolution
		Debug|x64 = Debug|x64
		Debug|x86 = Debug|x86
		Release|x64 = Release|x64
		Release|x86 = Release|x86
	EndGlobalSection
	GlobalSection(ProjectConfigurationPlatforms) = postSolution
		{DA4AC9E6-CBEE-4605-B379-47C022FDB5B3}.Debug|x64.ActiveCfg = Debug|x64
		{DA4AC9E6-CBEE-4605-B379-47C022FDB5B3}.Debug|x64.Build.0 = Debug|x64
		{DA4AC9E6-CBEE-4605-B379-47C022FDB5B3}.Debug|x86.ActiveCfg = Debug|Win32
		{DA4AC9E6-CBEE-4605-B379-47C022FDB5B3}.Debug|x86.Build.0 = Debug|Win32
		{DA4AC9E6-CBEE-4605-B379-47C022FDB5B3}.Release|x64.ActiveCfg = Release|x64
		{DA4AC9E6-CBEE-4605-B379-47C022FDB5B3}.Release|x64.Build.0 = Release|x64
		{DA4AC9E6-CBEE-4605-B379-47C022FDB5B3}.Release|x86.ActiveCfg = Release|Win32
		{DA4AC9E6-CBEE-4605-B379-47C022FDB5B3}.Release|x86.Build.0 = Release|Win32
	EndGlobalSection
	GlobalSection(SolutionProperties) = preSolution
		HideSolutionNode = FALSE
	EndGlobalSection
	GlobalSection(ExtensibilityGlobals) = postSolution
		SolutionGuid = {9F6B989F-22A9-4DF4-9E1A-A40D3893A0CE}
	EndGlobalSection
EndGlobal
