
Microsoft Visual Studio Solution File, Format Version 12.00
# Visual Studio Version 16
VisualStudioVersion = 16.0.31105.61
MinimumVisualStudioVersion = 10.0.40219.1
Project("{8BC9CEB8-8B4A-11D0-8D11-00A0C91BC942}") = "BST_Assignment3", "BST_Assignment3.vcxproj", "{222ACCD4-13AB-45B4-9599-BD88CDAE0055}"
EndProject
Global
	GlobalSection(SolutionConfigurationPlatforms) = preSolution
		Debug|x64 = Debug|x64
		Debug|x86 = Debug|x86
		Release|x64 = Release|x64
		Release|x86 = Release|x86
	EndGlobalSection
	GlobalSection(ProjectConfigurationPlatforms) = postSolution
		{222ACCD4-13AB-45B4-9599-BD88CDAE0055}.Debug|x64.ActiveCfg = Debug|x64
		{222ACCD4-13AB-45B4-9599-BD88CDAE0055}.Debug|x64.Build.0 = Debug|x64
		{222ACCD4-13AB-45B4-9599-BD88CDAE0055}.Debug|x86.ActiveCfg = Debug|Win32
		{222ACCD4-13AB-45B4-9599-BD88CDAE0055}.Debug|x86.Build.0 = Debug|Win32
		{222ACCD4-13AB-45B4-9599-BD88CDAE0055}.Release|x64.ActiveCfg = Release|x64
		{222ACCD4-13AB-45B4-9599-BD88CDAE0055}.Release|x64.Build.0 = Release|x64
		{222ACCD4-13AB-45B4-9599-BD88CDAE0055}.Release|x86.ActiveCfg = Release|Win32
		{222ACCD4-13AB-45B4-9599-BD88CDAE0055}.Release|x86.Build.0 = Release|Win32
	EndGlobalSection
	GlobalSection(SolutionProperties) = preSolution
		HideSolutionNode = FALSE
	EndGlobalSection
	GlobalSection(ExtensibilityGlobals) = postSolution
		SolutionGuid = {5F95252A-88D1-4F51-94C9-5E003FC3C937}
	EndGlobalSection
EndGlobal
