
Microsoft Visual Studio Solution File, Format Version 12.00
# Visual Studio Version 16
VisualStudioVersion = 16.0.31105.61
MinimumVisualStudioVersion = 10.0.40219.1
Project("{8BC9CEB8-8B4A-11D0-8D11-00A0C91BC942}") = "2D-Arrays", "2D-Arrays.vcxproj", "{0447DE42-FBC2-4885-A212-26C6F5C41B7C}"
EndProject
Global
	GlobalSection(SolutionConfigurationPlatforms) = preSolution
		Debug|x64 = Debug|x64
		Debug|x86 = Debug|x86
		Release|x64 = Release|x64
		Release|x86 = Release|x86
	EndGlobalSection
	GlobalSection(ProjectConfigurationPlatforms) = postSolution
		{0447DE42-FBC2-4885-A212-26C6F5C41B7C}.Debug|x64.ActiveCfg = Debug|x64
		{0447DE42-FBC2-4885-A212-26C6F5C41B7C}.Debug|x64.Build.0 = Debug|x64
		{0447DE42-FBC2-4885-A212-26C6F5C41B7C}.Debug|x86.ActiveCfg = Debug|Win32
		{0447DE42-FBC2-4885-A212-26C6F5C41B7C}.Debug|x86.Build.0 = Debug|Win32
		{0447DE42-FBC2-4885-A212-26C6F5C41B7C}.Release|x64.ActiveCfg = Release|x64
		{0447DE42-FBC2-4885-A212-26C6F5C41B7C}.Release|x64.Build.0 = Release|x64
		{0447DE42-FBC2-4885-A212-26C6F5C41B7C}.Release|x86.ActiveCfg = Release|Win32
		{0447DE42-FBC2-4885-A212-26C6F5C41B7C}.Release|x86.Build.0 = Release|Win32
	EndGlobalSection
	GlobalSection(SolutionProperties) = preSolution
		HideSolutionNode = FALSE
	EndGlobalSection
	GlobalSection(ExtensibilityGlobals) = postSolution
		SolutionGuid = {079B7A9D-D95A-4BA0-994E-84F0F448D18D}
	EndGlobalSection
EndGlobal
