
Microsoft Visual Studio Solution File, Format Version 12.00
# Visual Studio Version 16
VisualStudioVersion = 16.0.31105.61
MinimumVisualStudioVersion = 10.0.40219.1
Project("{8BC9CEB8-8B4A-11D0-8D11-00A0C91BC942}") = "UBER_20L1027", "UBER_20L1027.vcxproj", "{165668BC-0038-47ED-B343-D1F83A9375FB}"
EndProject
Global
	GlobalSection(SolutionConfigurationPlatforms) = preSolution
		Debug|x64 = Debug|x64
		Debug|x86 = Debug|x86
		Release|x64 = Release|x64
		Release|x86 = Release|x86
	EndGlobalSection
	GlobalSection(ProjectConfigurationPlatforms) = postSolution
		{165668BC-0038-47ED-B343-D1F83A9375FB}.Debug|x64.ActiveCfg = Debug|x64
		{165668BC-0038-47ED-B343-D1F83A9375FB}.Debug|x64.Build.0 = Debug|x64
		{165668BC-0038-47ED-B343-D1F83A9375FB}.Debug|x86.ActiveCfg = Debug|Win32
		{165668BC-0038-47ED-B343-D1F83A9375FB}.Debug|x86.Build.0 = Debug|Win32
		{165668BC-0038-47ED-B343-D1F83A9375FB}.Release|x64.ActiveCfg = Release|x64
		{165668BC-0038-47ED-B343-D1F83A9375FB}.Release|x64.Build.0 = Release|x64
		{165668BC-0038-47ED-B343-D1F83A9375FB}.Release|x86.ActiveCfg = Release|Win32
		{165668BC-0038-47ED-B343-D1F83A9375FB}.Release|x86.Build.0 = Release|Win32
	EndGlobalSection
	GlobalSection(SolutionProperties) = preSolution
		HideSolutionNode = FALSE
	EndGlobalSection
	GlobalSection(ExtensibilityGlobals) = postSolution
		SolutionGuid = {280AE07F-3415-4667-8BDD-794D2649F6BB}
	EndGlobalSection
EndGlobal
